{
  "nodes": {
    "brew-src": {
      "flake": false,
      "locked": {
        "lastModified": 1746795192,
        "narHash": "sha256-Cv+RXuzmn2iGBY2Ny/nXBTH+LFKDWIvMxf9a+btKI6M=",
        "owner": "Homebrew",
        "repo": "brew",
        "rev": "6f39076b3c2251994419215279d0525ef667fc31",
        "type": "github"
      },
      "original": {
        "owner": "Homebrew",
        "ref": "4.5.2",
        "repo": "brew",
        "type": "github"
      }
    },
    "catppuccin": {
      "inputs": {
        "nixpkgs": "nixpkgs"
      },
      "locked": {
        "lastModified": 1747989804,
        "narHash": "sha256-FACXQA+OH5jHx/MZIJoGNxg5H5XolsxOMmBLMWUCIQs=",
        "owner": "catppuccin",
        "repo": "nix",
        "rev": "21e495cba91b63e8897d1a00155d58787d0e6e18",
        "type": "github"
      },
      "original": {
        "owner": "catppuccin",
        "repo": "nix",
        "type": "github"
      }
    },
    "home-manager": {
      "inputs": {
        "nixpkgs": [
          "nixpkgs"
        ]
      },
      "locked": {
        "lastModified": 1747978958,
        "narHash": "sha256-pQQnbxWpY3IiZqgelXHIe/OAE/Yv4NSQq7fch7M6nXQ=",
        "owner": "nix-community",
        "repo": "home-manager",
        "rev": "7419250703fd5eb50e99bdfb07a86671939103ea",
        "type": "github"
      },
      "original": {
        "owner": "nix-community",
        "repo": "home-manager",
        "type": "github"
      }
    },
    "nix-darwin": {
      "inputs": {
        "nixpkgs": [
          "nixpkgs"
        ]
      },
      "locked": {
        "lastModified": 1748004251,
        "narHash": "sha256-XodjkVWTth3A2JpBqGBkdLD9kkWn94rnv98l3xwKukg=",
        "owner": "LnL7",
        "repo": "nix-darwin",
        "rev": "33220d4791784e4dd4739edd3f6c028020082f91",
        "type": "github"
      },
      "original": {
        "owner": "LnL7",
        "repo": "nix-darwin",
        "type": "github"
      }
    },
    "nix-darwin_2": {
      "inputs": {
        "nixpkgs": "nixpkgs_2"
      },
      "locked": {
        "lastModified": 1716329735,
        "narHash": "sha256-ap51w+VqG21vuzyQ04WrhI2YbWHd3UGz0e7dc/QQmoA=",
        "owner": "LnL7",
        "repo": "nix-darwin",
        "rev": "eac4f25028c1975a939c8f8fba95c12f8a25e01c",
        "type": "github"
      },
      "original": {
        "owner": "LnL7",
        "repo": "nix-darwin",
        "type": "github"
      }
    },
    "nix-homebrew": {
      "inputs": {
        "brew-src": "brew-src",
        "nix-darwin": "nix-darwin_2",
        "nixpkgs": "nixpkgs_3"
      },
      "locked": {
        "lastModified": 1747444109,
        "narHash": "sha256-fSufrKr8NdhLMuGZGwjGUfH+TIWrjFTRIBhgCRIyxno=",
        "owner": "zhaofengli-wip",
        "repo": "nix-homebrew",
        "rev": "159f21ae77da757bbaeb98c0b16ff2e7b2738350",
        "type": "github"
      },
      "original": {
        "owner": "zhaofengli-wip",
        "repo": "nix-homebrew",
        "type": "github"
      }
    },
    "nixpkgs": {
      "locked": {
        "lastModified": 1744463964,
        "narHash": "sha256-LWqduOgLHCFxiTNYi3Uj5Lgz0SR+Xhw3kr/3Xd0GPTM=",
        "owner": "NixOS",
        "repo": "nixpkgs",
        "rev": "2631b0b7abcea6e640ce31cd78ea58910d31e650",
        "type": "github"
      },
      "original": {
        "owner": "NixOS",
        "ref": "nixos-unstable",
        "repo": "nixpkgs",
        "type": "github"
      }
    },
    "nixpkgs_2": {
      "locked": {
        "lastModified": 1687274257,
        "narHash": "sha256-TutzPriQcZ8FghDhEolnHcYU2oHIG5XWF+/SUBNnAOE=",
        "path": "/nix/store/22qgs3skscd9bmrxv9xv4q5d4wwm5ppx-source",
        "rev": "2c9ecd1f0400076a4d6b2193ad468ff0a7e7fdc5",
        "type": "path"
      },
      "original": {
        "id": "nixpkgs",
        "type": "indirect"
      }
    },
    "nixpkgs_3": {
      "locked": {
        "lastModified": 1746328495,
        "narHash": "sha256-uKCfuDs7ZM3QpCE/jnfubTg459CnKnJG/LwqEVEdEiw=",
        "owner": "NixOS",
        "repo": "nixpkgs",
        "rev": "979daf34c8cacebcd917d540070b52a3c2b9b16e",
        "type": "github"
      },
      "original": {
        "owner": "NixOS",
        "ref": "nixos-unstable",
        "repo": "nixpkgs",
        "type": "github"
      }
    },
    "nixpkgs_4": {
      "locked": {
        "lastModified": 1747958103,
        "narHash": "sha256-qmmFCrfBwSHoWw7cVK4Aj+fns+c54EBP8cGqp/yK410=",
        "owner": "NixOS",
        "repo": "nixpkgs",
        "rev": "fe51d34885f7b5e3e7b59572796e1bcb427eccb1",
        "type": "github"
      },
      "original": {
        "owner": "NixOS",
        "ref": "nixpkgs-unstable",
        "repo": "nixpkgs",
        "type": "github"
      }
    },
    "plugin-aider": {
      "flake": false,
      "locked": {
        "lastModified": 1745990700,
        "narHash": "sha256-6DCHpO37SWagYg1ZqcqRJMox9rZaoPNJYEFXck1sUcs=",
        "owner": "GeorgesAlkhouri",
        "repo": "nvim-aider",
        "rev": "3d1d733a7a3cf726dc41d1c4f15df01d208c09e5",
        "type": "github"
      },
      "original": {
        "owner": "GeorgesAlkhouri",
        "repo": "nvim-aider",
        "type": "github"
      }
    },
    "plugin-auto-dark-mode": {
      "flake": false,
      "locked": {
        "lastModified": 1741620696,
        "narHash": "sha256-ZCViqnA+VoEOG+Xr+aJNlfRKCjxJm5y78HRXax3o8UY=",
        "owner": "f-person",
        "repo": "auto-dark-mode.nvim",
        "rev": "c31de126963ffe9403901b4b0990dde0e6999cc6",
        "type": "github"
      },
      "original": {
        "owner": "f-person",
        "repo": "auto-dark-mode.nvim",
        "type": "github"
      }
    },
    "plugin-base16": {
      "flake": false,
      "locked": {
        "lastModified": 1745023297,
        "narHash": "sha256-Di1NGd/UcX6jVT8AvYM25xdKHKcZb6tYUrX5V4KtgQs=",
        "owner": "RRethy",
        "repo": "base16-nvim",
        "rev": "965160025d0facbe9caa863e5beef2a7a488e9d1",
        "type": "github"
      },
      "original": {
        "owner": "RRethy",
        "repo": "base16-nvim",
        "type": "github"
      }
    },
    "plugin-bg": {
      "flake": false,
      "locked": {
        "lastModified": 1734359929,
        "narHash": "sha256-H+ZFX0hE9te6qo+fzUuWngHOEf0zGyHkEIQIYvyTzTI=",
        "owner": "typicode",
        "repo": "bg.nvim",
        "rev": "df916e4df2493ee302eea62185ed014ba7ca40d9",
        "type": "github"
      },
      "original": {
        "owner": "typicode",
        "repo": "bg.nvim",
        "type": "github"
      }
    },
    "plugin-tidy": {
      "flake": false,
      "locked": {
        "lastModified": 1744653412,
        "narHash": "sha256-00ecWK+9C75ZN3upBWxbuyQk/74Kt1+e5NX6RrBolxE=",
        "owner": "mcauley-penney",
        "repo": "tidy.nvim",
        "rev": "31f95306ffd408ed4bb5185e8ec3bab9516ad34c",
        "type": "github"
      },
      "original": {
        "owner": "mcauley-penney",
        "repo": "tidy.nvim",
        "type": "github"
      }
    },
    "plugin-visual-whitespace": {
      "flake": false,
      "locked": {
        "lastModified": 1747799019,
        "narHash": "sha256-gRL8SKzBexcIWD/HBglXoq02lJsOCjoqjZsZVlF9gFU=",
        "owner": "mcauley-penney",
        "repo": "visual-whitespace.nvim",
        "rev": "97445894de3f7d56193876e56356e13f73940149",
        "type": "github"
      },
      "original": {
        "owner": "mcauley-penney",
        "repo": "visual-whitespace.nvim",
        "type": "github"
      }
    },
    "root": {
      "inputs": {
        "catppuccin": "catppuccin",
        "home-manager": "home-manager",
        "nix-darwin": "nix-darwin",
        "nix-homebrew": "nix-homebrew",
        "nixpkgs": "nixpkgs_4",
        "plugin-aider": "plugin-aider",
        "plugin-auto-dark-mode": "plugin-auto-dark-mode",
        "plugin-base16": "plugin-base16",
        "plugin-bg": "plugin-bg",
        "plugin-tidy": "plugin-tidy",
        "plugin-visual-whitespace": "plugin-visual-whitespace",
        "spicetify-nix": "spicetify-nix"
      }
    },
    "spicetify-nix": {
      "inputs": {
        "nixpkgs": [
          "nixpkgs"
        ],
        "systems": "systems"
      },
      "locked": {
        "lastModified": 1747607404,
        "narHash": "sha256-xj2Ji+rE+oYjf0BsTDT7K/StnYuZQK9MTbX8U1DUcC0=",
        "owner": "Gerg-L",
        "repo": "spicetify-nix",
        "rev": "8c1be0e5e9a7f35ccd6f7b10bcfa08f2734dad91",
        "type": "github"
      },
      "original": {
        "owner": "Gerg-L",
        "repo": "spicetify-nix",
        "type": "github"
      }
    },
    "systems": {
      "locked": {
        "lastModified": 1681028828,
        "narHash": "sha256-Vy1rq5AaRuLzOxct8nz4T6wlgyUR7zLU309k9mBC768=",
        "owner": "nix-systems",
        "repo": "default",
        "rev": "da67096a3b9bf56a91d16901293e51ba5b49a27e",
        "type": "github"
      },
      "original": {
        "owner": "nix-systems",
        "repo": "default",
        "type": "github"
      }
    }
  },
  "root": "root",
  "version": 7
}
