{
  "nodes": {
    "brew-src": {
      "flake": false,
      "locked": {
        "lastModified": 1740943974,
        "narHash": "sha256-2lRLfb6qwoUAsX/XtYmt/ETxtGid6/VaBeFiRsoVMtU=",
        "owner": "Homebrew",
        "repo": "brew",
        "rev": "64efed206deeb9c2304d9e5b5910dcbf0a509c15",
        "type": "github"
      },
      "original": {
        "owner": "Homebrew",
        "ref": "4.4.23",
        "repo": "brew",
        "type": "github"
      }
    },
    "catppuccin": {
      "inputs": {
        "nixpkgs": "nixpkgs"
      },
      "locked": {
        "lastModified": 1742098205,
        "narHash": "sha256-gCkVTohFTyq/Pi3dlUhv1uA5Kqbalf45nLmUDRluULE=",
        "owner": "catppuccin",
        "repo": "nix",
        "rev": "d84df59c7aa29cebaff9f190d19c24e7ddacd773",
        "type": "github"
      },
      "original": {
        "owner": "catppuccin",
        "repo": "nix",
        "type": "github"
      }
    },
    "home-manager": {
      "inputs": {
        "nixpkgs": [
          "nixpkgs"
        ]
      },
      "locked": {
        "lastModified": 1741955947,
        "narHash": "sha256-2lbURKclgKqBNm7hVRtWh0A7NrdsibD0EaWhahUVhhY=",
        "owner": "nix-community",
        "repo": "home-manager",
        "rev": "4e12151c9e014e2449e0beca2c0e9534b96a26b4",
        "type": "github"
      },
      "original": {
        "owner": "nix-community",
        "repo": "home-manager",
        "type": "github"
      }
    },
    "nix-darwin": {
      "inputs": {
        "nixpkgs": [
          "nixpkgs"
        ]
      },
      "locked": {
        "lastModified": 1742013980,
        "narHash": "sha256-34YbfwABU5nb0F5eaaJE3ujldaNDhmyxw7CWqhXJV08=",
        "owner": "LnL7",
        "repo": "nix-darwin",
        "rev": "9175b4bb5f127fb7b5784b14f7e01abff24c378f",
        "type": "github"
      },
      "original": {
        "owner": "LnL7",
        "repo": "nix-darwin",
        "type": "github"
      }
    },
    "nix-darwin_2": {
      "inputs": {
        "nixpkgs": "nixpkgs_2"
      },
      "locked": {
        "lastModified": 1716329735,
        "narHash": "sha256-ap51w+VqG21vuzyQ04WrhI2YbWHd3UGz0e7dc/QQmoA=",
        "owner": "LnL7",
        "repo": "nix-darwin",
        "rev": "eac4f25028c1975a939c8f8fba95c12f8a25e01c",
        "type": "github"
      },
      "original": {
        "owner": "LnL7",
        "repo": "nix-darwin",
        "type": "github"
      }
    },
    "nix-homebrew": {
      "inputs": {
        "brew-src": "brew-src",
        "nix-darwin": "nix-darwin_2",
        "nixpkgs": "nixpkgs_3"
      },
      "locked": {
        "lastModified": 1741032878,
        "narHash": "sha256-s9YOBz8vAxPlI4wORma3D7km8wZOEe/7Hg/u3brmwUQ=",
        "owner": "zhaofengli-wip",
        "repo": "nix-homebrew",
        "rev": "a82c55b07f670a01da5a72b7a07fe41c256a4380",
        "type": "github"
      },
      "original": {
        "owner": "zhaofengli-wip",
        "repo": "nix-homebrew",
        "type": "github"
      }
    },
    "nixpkgs": {
      "locked": {
        "lastModified": 1741851582,
        "narHash": "sha256-cPfs8qMccim2RBgtKGF+x9IBCduRvd/N5F4nYpU0TVE=",
        "owner": "NixOS",
        "repo": "nixpkgs",
        "rev": "6607cf789e541e7873d40d3a8f7815ea92204f32",
        "type": "github"
      },
      "original": {
        "owner": "NixOS",
        "ref": "nixos-unstable",
        "repo": "nixpkgs",
        "type": "github"
      }
    },
    "nixpkgs_2": {
      "locked": {
        "lastModified": 1687274257,
        "narHash": "sha256-TutzPriQcZ8FghDhEolnHcYU2oHIG5XWF+/SUBNnAOE=",
        "path": "/nix/store/22qgs3skscd9bmrxv9xv4q5d4wwm5ppx-source",
        "rev": "2c9ecd1f0400076a4d6b2193ad468ff0a7e7fdc5",
        "type": "path"
      },
      "original": {
        "id": "nixpkgs",
        "type": "indirect"
      }
    },
    "nixpkgs_3": {
      "locked": {
        "lastModified": 1716330097,
        "narHash": "sha256-8BO3B7e3BiyIDsaKA0tY8O88rClYRTjvAp66y+VBUeU=",
        "owner": "NixOS",
        "repo": "nixpkgs",
        "rev": "5710852ba686cc1fd0d3b8e22b3117d43ba374c2",
        "type": "github"
      },
      "original": {
        "owner": "NixOS",
        "ref": "nixos-unstable",
        "repo": "nixpkgs",
        "type": "github"
      }
    },
    "nixpkgs_4": {
      "locked": {
        "lastModified": 1741865919,
        "narHash": "sha256-4thdbnP6dlbdq+qZWTsm4ffAwoS8Tiq1YResB+RP6WE=",
        "owner": "NixOS",
        "repo": "nixpkgs",
        "rev": "573c650e8a14b2faa0041645ab18aed7e60f0c9a",
        "type": "github"
      },
      "original": {
        "owner": "NixOS",
        "ref": "nixpkgs-unstable",
        "repo": "nixpkgs",
        "type": "github"
      }
    },
    "nixpkgs_5": {
      "locked": {
        "lastModified": 1741851582,
        "narHash": "sha256-cPfs8qMccim2RBgtKGF+x9IBCduRvd/N5F4nYpU0TVE=",
        "owner": "NixOS",
        "repo": "nixpkgs",
        "rev": "6607cf789e541e7873d40d3a8f7815ea92204f32",
        "type": "github"
      },
      "original": {
        "owner": "NixOS",
        "ref": "nixos-unstable",
        "repo": "nixpkgs",
        "type": "github"
      }
    },
    "plugin-auto-dark-mode": {
      "flake": false,
      "locked": {
        "lastModified": 1741620696,
        "narHash": "sha256-ZCViqnA+VoEOG+Xr+aJNlfRKCjxJm5y78HRXax3o8UY=",
        "owner": "f-person",
        "repo": "auto-dark-mode.nvim",
        "rev": "c31de126963ffe9403901b4b0990dde0e6999cc6",
        "type": "github"
      },
      "original": {
        "owner": "f-person",
        "repo": "auto-dark-mode.nvim",
        "type": "github"
      }
    },
    "plugin-base16": {
      "flake": false,
      "locked": {
        "lastModified": 1740184667,
        "narHash": "sha256-r7JPksjINhisViWIAXZJphDQKoPtFBB/vVnkA45r1/w=",
        "owner": "RRethy",
        "repo": "base16-nvim",
        "rev": "3f13e15c53ea2aaf79c24ceab725309d87f0619c",
        "type": "github"
      },
      "original": {
        "owner": "RRethy",
        "repo": "base16-nvim",
        "type": "github"
      }
    },
    "plugin-tidy": {
      "flake": false,
      "locked": {
        "lastModified": 1738451091,
        "narHash": "sha256-mr6tgetGQOXCVj81545C4YHYlQW12+EzTr1LXPePbn8=",
        "owner": "mcauley-penney",
        "repo": "tidy.nvim",
        "rev": "c3b95bb695887d86ce8712f56e1972f94f29e500",
        "type": "github"
      },
      "original": {
        "owner": "mcauley-penney",
        "repo": "tidy.nvim",
        "type": "github"
      }
    },
    "plugin-visual-whitespace": {
      "flake": false,
      "locked": {
        "lastModified": 1740960721,
        "narHash": "sha256-jdOyXsi7TQP8bqn9dZUaX4L/RolKSRJjsPN/udDAizw=",
        "owner": "mcauley-penney",
        "repo": "visual-whitespace.nvim",
        "rev": "11b340715aa5e0ed730520741591de3f2ab1f28f",
        "type": "github"
      },
      "original": {
        "owner": "mcauley-penney",
        "repo": "visual-whitespace.nvim",
        "type": "github"
      }
    },
    "root": {
      "inputs": {
        "catppuccin": "catppuccin",
        "home-manager": "home-manager",
        "nix-darwin": "nix-darwin",
        "nix-homebrew": "nix-homebrew",
        "nixpkgs": "nixpkgs_4",
        "plugin-auto-dark-mode": "plugin-auto-dark-mode",
        "plugin-base16": "plugin-base16",
        "plugin-tidy": "plugin-tidy",
        "plugin-visual-whitespace": "plugin-visual-whitespace",
        "spicetify-nix": "spicetify-nix"
      }
    },
    "spicetify-nix": {
      "inputs": {
        "nixpkgs": "nixpkgs_5",
        "systems": "systems"
      },
      "locked": {
        "lastModified": 1742098581,
        "narHash": "sha256-c8pnJi/Y8+whPi5aOs5qKshfh4vvRUqczaJIOc6Xdv8=",
        "owner": "Gerg-L",
        "repo": "spicetify-nix",
        "rev": "4b285681a73e73c4f961fb69163c0daa36a18d30",
        "type": "github"
      },
      "original": {
        "owner": "Gerg-L",
        "repo": "spicetify-nix",
        "type": "github"
      }
    },
    "systems": {
      "locked": {
        "lastModified": 1681028828,
        "narHash": "sha256-Vy1rq5AaRuLzOxct8nz4T6wlgyUR7zLU309k9mBC768=",
        "owner": "nix-systems",
        "repo": "default",
        "rev": "da67096a3b9bf56a91d16901293e51ba5b49a27e",
        "type": "github"
      },
      "original": {
        "owner": "nix-systems",
        "repo": "default",
        "type": "github"
      }
    }
  },
  "root": "root",
  "version": 7
}
